Microsoft Visual Studio Solution File, Format Version 12.00
# Visual Studio Version 17
VisualStudioVersion = 17.5.2.0
MinimumVisualStudioVersion = 10.0.40219.1
Project("{FAE04EC0-301F-11D3-BF4B-00C04F79EFBC}") = "final-vjwill77", "final-vjwill77.csproj", "{35F2248F-E259-85DA-7B98-2DBA3D3D2A12}"
EndProject
Global
	GlobalSection(SolutionConfigurationPlatforms) = preSolution
		Debug|Any CPU = Debug|Any CPU
		Release|Any CPU = Release|Any CPU
	EndGlobalSection
	GlobalSection(ProjectConfigurationPlatforms) = postSolution
		{35F2248F-E259-85DA-7B98-2DBA3D3D2A12}.Debug|Any CPU.ActiveCfg = Debug|Any CPU
		{35F2248F-E259-85DA-7B98-2DBA3D3D2A12}.Debug|Any CPU.Build.0 = Debug|Any CPU
		{35F2248F-E259-85DA-7B98-2DBA3D3D2A12}.Release|Any CPU.ActiveCfg = Release|Any CPU
		{35F2248F-E259-85DA-7B98-2DBA3D3D2A12}.Release|Any CPU.Build.0 = Release|Any CPU
	EndGlobalSection
	GlobalSection(SolutionProperties) = preSolution
		HideSolutionNode = FALSE
	EndGlobalSection
	GlobalSection(ExtensibilityGlobals) = postSolution
		SolutionGuid = {1F9164EC-4986-4F88-B772-868B8B7DC9AA}
	EndGlobalSection
EndGlobal
